// !$*UTF8*$!
{
	archiveVersion = 1;
	classes = {
	};
	objectVersion = 46;
	objects = {

/* Begin PBXBuildFile section */
		4C872E381EF9859200B256EE /* SearchCell.swift in Sources */ = {isa = PBXBuildFile; fileRef = 4C872E371EF9859200B256EE /* SearchCell.swift */; };
		4C97F1E11EF8596100F9C1DA /* AppDelegate.swift in Sources */ = {isa = PBXBuildFile; fileRef = 4C97F1E01EF8596100F9C1DA /* AppDelegate.swift */; };
		4C97F1E61EF8596100F9C1DA /* Main.storyboard in Resources */ = {isa = PBXBuildFile; fileRef = 4C97F1E41EF8596100F9C1DA /* Main.storyboard */; };
		4C97F1E91EF8596100F9C1DA /* InFlix.xcdatamodeld in Sources */ = {isa = PBXBuildFile; fileRef = 4C97F1E71EF8596100F9C1DA /* InFlix.xcdatamodeld */; };
		4C97F1EB1EF8596100F9C1DA /* Assets.xcassets in Resources */ = {isa = PBXBuildFile; fileRef = 4C97F1EA1EF8596100F9C1DA /* Assets.xcassets */; };
		4C97F1EE1EF8596100F9C1DA /* LaunchScreen.storyboard in Resources */ = {isa = PBXBuildFile; fileRef = 4C97F1EC1EF8596100F9C1DA /* LaunchScreen.storyboard */; };
		4C97F2071EF85FE000F9C1DA /* Constants.swift in Sources */ = {isa = PBXBuildFile; fileRef = 4C97F2061EF85FE000F9C1DA /* Constants.swift */; };
		4C97F2091EF8623000F9C1DA /* SearchVC.swift in Sources */ = {isa = PBXBuildFile; fileRef = 4C97F2081EF8623000F9C1DA /* SearchVC.swift */; };
		4C97F20B1EF8626200F9C1DA /* Movie.swift in Sources */ = {isa = PBXBuildFile; fileRef = 4C97F20A1EF8626200F9C1DA /* Movie.swift */; };
		4C97F20D1EF868BC00F9C1DA /* MovieHomeVC.swift in Sources */ = {isa = PBXBuildFile; fileRef = 4C97F20C1EF868BC00F9C1DA /* MovieHomeVC.swift */; };
		4C97F2101EF86C1300F9C1DA /* GeneralMethods.swift in Sources */ = {isa = PBXBuildFile; fileRef = 4C97F20F1EF86C1300F9C1DA /* GeneralMethods.swift */; };
		4C97F2131EF8708100F9C1DA /* MovieService.swift in Sources */ = {isa = PBXBuildFile; fileRef = 4C97F2121EF8708100F9C1DA /* MovieService.swift */; };
/* End PBXBuildFile section */

/* Begin PBXFileReference section */
		4C872E371EF9859200B256EE /* SearchCell.swift */ = {isa = PBXFileReference; fileEncoding = 4; lastKnownFileType = sourcecode.swift; path = SearchCell.swift; sourceTree = "<group>"; };
		4C97F1DD1EF8596100F9C1DA /* InFlix.app */ = {isa = PBXFileReference; explicitFileType = wrapper.application; includeInIndex = 0; path = InFlix.app; sourceTree = BUILT_PRODUCTS_DIR; };
		4C97F1E01EF8596100F9C1DA /* AppDelegate.swift */ = {isa = PBXFileReference; lastKnownFileType = sourcecode.swift; path = AppDelegate.swift; sourceTree = "<group>"; };
		4C97F1E51EF8596100F9C1DA /* Base */ = {isa = PBXFileReference; lastKnownFileType = file.storyboard; name = Base; path = Base.lproj/Main.storyboard; sourceTree = "<group>"; };
		4C97F1E81EF8596100F9C1DA /* InFlix.xcdatamodel */ = {isa = PBXFileReference; lastKnownFileType = wrapper.xcdatamodel; path = InFlix.xcdatamodel; sourceTree = "<group>"; };
		4C97F1EA1EF8596100F9C1DA /* Assets.xcassets */ = {isa = PBXFileReference; lastKnownFileType = folder.assetcatalog; path = Assets.xcassets; sourceTree = "<group>"; };
		4C97F1ED1EF8596100F9C1DA /* Base */ = {isa = PBXFileReference; lastKnownFileType = file.storyboard; name = Base; path = Base.lproj/LaunchScreen.storyboard; sourceTree = "<group>"; };
		4C97F1EF1EF8596100F9C1DA /* Info.plist */ = {isa = PBXFileReference; lastKnownFileType = text.plist.xml; path = Info.plist; sourceTree = "<group>"; };
		4C97F2061EF85FE000F9C1DA /* Constants.swift */ = {isa = PBXFileReference; fileEncoding = 4; lastKnownFileType = sourcecode.swift; path = Constants.swift; sourceTree = "<group>"; };
		4C97F2081EF8623000F9C1DA /* SearchVC.swift */ = {isa = PBXFileReference; fileEncoding = 4; lastKnownFileType = sourcecode.swift; path = SearchVC.swift; sourceTree = "<group>"; };
		4C97F20A1EF8626200F9C1DA /* Movie.swift */ = {isa = PBXFileReference; fileEncoding = 4; lastKnownFileType = sourcecode.swift; path = Movie.swift; sourceTree = "<group>"; };
		4C97F20C1EF868BC00F9C1DA /* MovieHomeVC.swift */ = {isa = PBXFileReference; fileEncoding = 4; lastKnownFileType = sourcecode.swift; path = MovieHomeVC.swift; sourceTree = "<group>"; };
		4C97F20F1EF86C1300F9C1DA /* GeneralMethods.swift */ = {isa = PBXFileReference; fileEncoding = 4; lastKnownFileType = sourcecode.swift; path = GeneralMethods.swift; sourceTree = "<group>"; };
		4C97F2121EF8708100F9C1DA /* MovieService.swift */ = {isa = PBXFileReference; fileEncoding = 4; lastKnownFileType = sourcecode.swift; path = MovieService.swift; sourceTree = "<group>"; };
/* End PBXFileReference section */

/* Begin PBXFrameworksBuildPhase section */
		4C97F1DA1EF8596100F9C1DA /* Frameworks */ = {
			isa = PBXFrameworksBuildPhase;
			buildActionMask = 2147483647;
			files = (
			);
			runOnlyForDeploymentPostprocessing = 0;
		};
/* End PBXFrameworksBuildPhase section */

/* Begin PBXGroup section */
		4C97F1D41EF8596100F9C1DA = {
			isa = PBXGroup;
			children = (
				4C97F1DF1EF8596100F9C1DA /* InFlix */,
				4C97F1DE1EF8596100F9C1DA /* Products */,
			);
			sourceTree = "<group>";
		};
		4C97F1DE1EF8596100F9C1DA /* Products */ = {
			isa = PBXGroup;
			children = (
				4C97F1DD1EF8596100F9C1DA /* InFlix.app */,
			);
			name = Products;
			sourceTree = "<group>";
		};
		4C97F1DF1EF8596100F9C1DA /* InFlix */ = {
			isa = PBXGroup;
			children = (
				4C97F20E1EF86C0400F9C1DA /* General */,
				4C97F2041EF85C4400F9C1DA /* Persistence */,
				4C97F2111EF8706800F9C1DA /* Networking */,
				4C97F2021EF85C2900F9C1DA /* Models */,
				4C97F2001EF85BE600F9C1DA /* Controllers */,
				4C97F2031EF85C2E00F9C1DA /* Views */,
				4C97F2051EF85C5800F9C1DA /* Storyboards */,
				4C97F2011EF85C0F00F9C1DA /* Resources */,
				4C97F1E01EF8596100F9C1DA /* AppDelegate.swift */,
				4C97F1EF1EF8596100F9C1DA /* Info.plist */,
			);
			path = InFlix;
			sourceTree = "<group>";
		};
		4C97F2001EF85BE600F9C1DA /* Controllers */ = {
			isa = PBXGroup;
			children = (
				4C97F2081EF8623000F9C1DA /* SearchVC.swift */,
				4C97F20C1EF868BC00F9C1DA /* MovieHomeVC.swift */,
			);
			name = Controllers;
			sourceTree = "<group>";
		};
		4C97F2011EF85C0F00F9C1DA /* Resources */ = {
			isa = PBXGroup;
			children = (
				4C97F1EA1EF8596100F9C1DA /* Assets.xcassets */,
			);
			name = Resources;
			sourceTree = "<group>";
		};
		4C97F2021EF85C2900F9C1DA /* Models */ = {
			isa = PBXGroup;
			children = (
				4C97F20A1EF8626200F9C1DA /* Movie.swift */,
			);
			name = Models;
			sourceTree = "<group>";
		};
		4C97F2031EF85C2E00F9C1DA /* Views */ = {
			isa = PBXGroup;
			children = (
				4C872E371EF9859200B256EE /* SearchCell.swift */,
			);
			name = Views;
			sourceTree = "<group>";
		};
		4C97F2041EF85C4400F9C1DA /* Persistence */ = {
			isa = PBXGroup;
			children = (
				4C97F1E71EF8596100F9C1DA /* InFlix.xcdatamodeld */,
			);
			name = Persistence;
			sourceTree = "<group>";
		};
		4C97F2051EF85C5800F9C1DA /* Storyboards */ = {
			isa = PBXGroup;
			children = (
				4C97F1EC1EF8596100F9C1DA /* LaunchScreen.storyboard */,
				4C97F1E41EF8596100F9C1DA /* Main.storyboard */,
			);
			name = Storyboards;
			sourceTree = "<group>";
		};
		4C97F20E1EF86C0400F9C1DA /* General */ = {
			isa = PBXGroup;
			children = (
				4C97F2061EF85FE000F9C1DA /* Constants.swift */,
				4C97F20F1EF86C1300F9C1DA /* GeneralMethods.swift */,
			);
			name = General;
			sourceTree = "<group>";
		};
		4C97F2111EF8706800F9C1DA /* Networking */ = {
			isa = PBXGroup;
			children = (
				4C97F2121EF8708100F9C1DA /* MovieService.swift */,
			);
			name = Networking;
			sourceTree = "<group>";
		};
/* End PBXGroup section */

/* Begin PBXNativeTarget section */
		4C97F1DC1EF8596100F9C1DA /* InFlix */ = {
			isa = PBXNativeTarget;
			buildConfigurationList = 4C97F1F21EF8596100F9C1DA /* Build configuration list for PBXNativeTarget "InFlix" */;
			buildPhases = (
				4C97F1D91EF8596100F9C1DA /* Sources */,
				4C97F1DA1EF8596100F9C1DA /* Frameworks */,
				4C97F1DB1EF8596100F9C1DA /* Resources */,
			);
			buildRules = (
			);
			dependencies = (
			);
			name = InFlix;
			productName = InFlix;
			productReference = 4C97F1DD1EF8596100F9C1DA /* InFlix.app */;
			productType = "com.apple.product-type.application";
		};
/* End PBXNativeTarget section */

/* Begin PBXProject section */
		4C97F1D51EF8596100F9C1DA /* Project object */ = {
			isa = PBXProject;
			attributes = {
				LastSwiftUpdateCheck = 0830;
				LastUpgradeCheck = 0830;
				ORGANIZATIONNAME = "Daniel Fernandez";
				TargetAttributes = {
					4C97F1DC1EF8596100F9C1DA = {
						CreatedOnToolsVersion = 8.3.2;
						DevelopmentTeam = KL955RL3SL;
						ProvisioningStyle = Automatic;
					};
				};
			};
			buildConfigurationList = 4C97F1D81EF8596100F9C1DA /* Build configuration list for PBXProject "InFlix" */;
			compatibilityVersion = "Xcode 3.2";
			developmentRegion = English;
			hasScannedForEncodings = 0;
			knownRegions = (
				en,
				Base,
			);
			mainGroup = 4C97F1D41EF8596100F9C1DA;
			productRefGroup = 4C97F1DE1EF8596100F9C1DA /* Products */;
			projectDirPath = "";
			projectRoot = "";
			targets = (
				4C97F1DC1EF8596100F9C1DA /* InFlix */,
			);
		};
/* End PBXProject section */

/* Begin PBXResourcesBuildPhase section */
		4C97F1DB1EF8596100F9C1DA /* Resources */ = {
			isa = PBXResourcesBuildPhase;
			buildActionMask = 2147483647;
			files = (
				4C97F1EE1EF8596100F9C1DA /* LaunchScreen.storyboard in Resources */,
				4C97F1EB1EF8596100F9C1DA /* Assets.xcassets in Resources */,
				4C97F1E61EF8596100F9C1DA /* Main.storyboard in Resources */,
			);
			runOnlyForDeploymentPostprocessing = 0;
		};
/* End PBXResourcesBuildPhase section */

/* Begin PBXSourcesBuildPhase section */
		4C97F1D91EF8596100F9C1DA /* Sources */ = {
			isa = PBXSourcesBuildPhase;
			buildActionMask = 2147483647;
			files = (
				4C97F2101EF86C1300F9C1DA /* GeneralMethods.swift in Sources */,
				4C97F2091EF8623000F9C1DA /* SearchVC.swift in Sources */,
				4C97F1E91EF8596100F9C1DA /* InFlix.xcdatamodeld in Sources */,
				4C97F1E11EF8596100F9C1DA /* AppDelegate.swift in Sources */,
				4C872E381EF9859200B256EE /* SearchCell.swift in Sources */,
				4C97F2071EF85FE000F9C1DA /* Constants.swift in Sources */,
				4C97F20B1EF8626200F9C1DA /* Movie.swift in Sources */,
				4C97F2131EF8708100F9C1DA /* MovieService.swift in Sources */,
				4C97F20D1EF868BC00F9C1DA /* MovieHomeVC.swift in Sources */,
			);
			runOnlyForDeploymentPostprocessing = 0;
		};
/* End PBXSourcesBuildPhase section */

/* Begin PBXVariantGroup section */
		4C97F1E41EF8596100F9C1DA /* Main.storyboard */ = {
			isa = PBXVariantGroup;
			children = (
				4C97F1E51EF8596100F9C1DA /* Base */,
			);
			name = Main.storyboard;
			sourceTree = "<group>";
		};
		4C97F1EC1EF8596100F9C1DA /* LaunchScreen.storyboard */ = {
			isa = PBXVariantGroup;
			children = (
				4C97F1ED1EF8596100F9C1DA /* Base */,
			);
			name = LaunchScreen.storyboard;
			sourceTree = "<group>";
		};
/* End PBXVariantGroup section */

/* Begin XCBuildConfiguration section */
		4C97F1F01EF8596100F9C1DA /* Debug */ = {
			isa = XCBuildConfiguration;
			buildSettings = {
				ALWAYS_SEARCH_USER_PATHS = NO;
				CLANG_ANALYZER_NONNULL = YES;
				CLANG_ANALYZER_NUMBER_OBJECT_CONVERSION = YES_AGGRESSIVE;
				CLANG_CXX_LANGUAGE_STANDARD = "gnu++0x";
				CLANG_CXX_LIBRARY = "libc++";
				CLANG_ENABLE_MODULES = YES;
				CLANG_ENABLE_OBJC_ARC = YES;
				CLANG_WARN_BOOL_CONVERSION = YES;
				CLANG_WARN_CONSTANT_CONVERSION = YES;
				CLANG_WARN_DIRECT_OBJC_ISA_USAGE = YES_ERROR;
				CLANG_WARN_DOCUMENTATION_COMMENTS = YES;
				CLANG_WARN_EMPTY_BODY = YES;
				CLANG_WARN_ENUM_CONVERSION = YES;
				CLANG_WARN_INFINITE_RECURSION = YES;
				CLANG_WARN_INT_CONVERSION = YES;
				CLANG_WARN_OBJC_ROOT_CLASS = YES_ERROR;
				CLANG_WARN_SUSPICIOUS_MOVE = YES;
				CLANG_WARN_UNREACHABLE_CODE = YES;
				CLANG_WARN__DUPLICATE_METHOD_MATCH = YES;
				"CODE_SIGN_IDENTITY[sdk=iphoneos*]" = "iPhone Developer";
				COPY_PHASE_STRIP = NO;
				DEBUG_INFORMATION_FORMAT = dwarf;
				ENABLE_STRICT_OBJC_MSGSEND = YES;
				ENABLE_TESTABILITY = YES;
				GCC_C_LANGUAGE_STANDARD = gnu99;
				GCC_DYNAMIC_NO_PIC = NO;
				GCC_NO_COMMON_BLOCKS = YES;
				GCC_OPTIMIZATION_LEVEL = 0;
				GCC_PREPROCESSOR_DEFINITIONS = (
					"DEBUG=1",
					"$(inherited)",
				);
				GCC_WARN_64_TO_32_BIT_CONVERSION = YES;
				GCC_WARN_ABOUT_RETURN_TYPE = YES_ERROR;
				GCC_WARN_UNDECLARED_SELECTOR = YES;
				GCC_WARN_UNINITIALIZED_AUTOS = YES_AGGRESSIVE;
				GCC_WARN_UNUSED_FUNCTION = YES;
				GCC_WARN_UNUSED_VARIABLE = YES;
				IPHONEOS_DEPLOYMENT_TARGET = 10.3;
				MTL_ENABLE_DEBUG_INFO = YES;
				ONLY_ACTIVE_ARCH = YES;
				SDKROOT = iphoneos;
				SWIFT_ACTIVE_COMPILATION_CONDITIONS = DEBUG;
				SWIFT_OPTIMIZATION_LEVEL = "-Onone";
				TARGETED_DEVICE_FAMILY = "1,2";
			};
			name = Debug;
		};
		4C97F1F11EF8596100F9C1DA /* Release */ = {
			isa = XCBuildConfiguration;
			buildSettings = {
				ALWAYS_SEARCH_USER_PATHS = NO;
				CLANG_ANALYZER_NONNULL = YES;
				CLANG_ANALYZER_NUMBER_OBJECT_CONVERSION = YES_AGGRESSIVE;
				CLANG_CXX_LANGUAGE_STANDARD = "gnu++0x";
				CLANG_CXX_LIBRARY = "libc++";
				CLANG_ENABLE_MODULES = YES;
				CLANG_ENABLE_OBJC_ARC = YES;
				CLANG_WARN_BOOL_CONVERSION = YES;
				CLANG_WARN_CONSTANT_CONVERSION = YES;
				CLANG_WARN_DIRECT_OBJC_ISA_USAGE = YES_ERROR;
				CLANG_WARN_DOCUMENTATION_COMMENTS = YES;
				CLANG_WARN_EMPTY_BODY = YES;
				CLANG_WARN_ENUM_CONVERSION = YES;
				CLANG_WARN_INFINITE_RECURSION = YES;
				CLANG_WARN_INT_CONVERSION = YES;
				CLANG_WARN_OBJC_ROOT_CLASS = YES_ERROR;
				CLANG_WARN_SUSPICIOUS_MOVE = YES;
				CLANG_WARN_UNREACHABLE_CODE = YES;
				CLANG_WARN__DUPLICATE_METHOD_MATCH = YES;
				"CODE_SIGN_IDENTITY[sdk=iphoneos*]" = "iPhone Developer";
				COPY_PHASE_STRIP = NO;
				DEBUG_INFORMATION_FORMAT = "dwarf-with-dsym";
				ENABLE_NS_ASSERTIONS = NO;
				ENABLE_STRICT_OBJC_MSGSEND = YES;
				GCC_C_LANGUAGE_STANDARD = gnu99;
				GCC_NO_COMMON_BLOCKS = YES;
				GCC_WARN_64_TO_32_BIT_CONVERSION = YES;
				GCC_WARN_ABOUT_RETURN_TYPE = YES_ERROR;
				GCC_WARN_UNDECLARED_SELECTOR = YES;
				GCC_WARN_UNINITIALIZED_AUTOS = YES_AGGRESSIVE;
				GCC_WARN_UNUSED_FUNCTION = YES;
				GCC_WARN_UNUSED_VARIABLE = YES;
				IPHONEOS_DEPLOYMENT_TARGET = 10.3;
				MTL_ENABLE_DEBUG_INFO = NO;
				SDKROOT = iphoneos;
				SWIFT_OPTIMIZATION_LEVEL = "-Owholemodule";
				TARGETED_DEVICE_FAMILY = "1,2";
				VALIDATE_PRODUCT = YES;
			};
			name = Release;
		};
		4C97F1F31EF8596100F9C1DA /* Debug */ = {
			isa = XCBuildConfiguration;
			buildSettings = {
				ASSETCATALOG_COMPILER_APPICON_NAME = AppIcon;
				DEVELOPMENT_TEAM = KL955RL3SL;
				INFOPLIST_FILE = InFlix/Info.plist;
				IPHONEOS_DEPLOYMENT_TARGET = 10.0;
				LD_RUNPATH_SEARCH_PATHS = "$(inherited) @executable_path/Frameworks";
				PRODUCT_BUNDLE_IDENTIFIER = tekton.InFlix;
				PRODUCT_NAME = "$(TARGET_NAME)";
				SWIFT_VERSION = 3.0;
			};
			name = Debug;
		};
		4C97F1F41EF8596100F9C1DA /* Release */ = {
			isa = XCBuildConfiguration;
			buildSettings = {
				ASSETCATALOG_COMPILER_APPICON_NAME = AppIcon;
				DEVELOPMENT_TEAM = KL955RL3SL;
				INFOPLIST_FILE = InFlix/Info.plist;
				IPHONEOS_DEPLOYMENT_TARGET = 10.0;
				LD_RUNPATH_SEARCH_PATHS = "$(inherited) @executable_path/Frameworks";
				PRODUCT_BUNDLE_IDENTIFIER = tekton.InFlix;
				PRODUCT_NAME = "$(TARGET_NAME)";
				SWIFT_VERSION = 3.0;
			};
			name = Release;
		};
/* End XCBuildConfiguration section */

/* Begin XCConfigurationList section */
		4C97F1D81EF8596100F9C1DA /* Build configuration list for PBXProject "InFlix" */ = {
			isa = XCConfigurationList;
			buildConfigurations = (
				4C97F1F01EF8596100F9C1DA /* Debug */,
				4C97F1F11EF8596100F9C1DA /* Release */,
			);
			defaultConfigurationIsVisible = 0;
			defaultConfigurationName = Release;
		};
		4C97F1F21EF8596100F9C1DA /* Build configuration list for PBXNativeTarget "InFlix" */ = {
			isa = XCConfigurationList;
			buildConfigurations = (
				4C97F1F31EF8596100F9C1DA /* Debug */,
				4C97F1F41EF8596100F9C1DA /* Release */,
			);
			defaultConfigurationIsVisible = 0;
			defaultConfigurationName = Release;
		};
/* End XCConfigurationList section */

/* Begin XCVersionGroup section */
		4C97F1E71EF8596100F9C1DA /* InFlix.xcdatamodeld */ = {
			isa = XCVersionGroup;
			children = (
				4C97F1E81EF8596100F9C1DA /* InFlix.xcdatamodel */,
			);
			currentVersion = 4C97F1E81EF8596100F9C1DA /* InFlix.xcdatamodel */;
			path = InFlix.xcdatamodeld;
			sourceTree = "<group>";
			versionGroupType = wrapper.xcdatamodel;
		};
/* End XCVersionGroup section */
	};
	rootObject = 4C97F1D51EF8596100F9C1DA /* Project object */;
}
